
Microsoft Visual Studio Solution File, Format Version 12.00
# Visual Studio Version 16
VisualStudioVersion = 16.0.31624.102
MinimumVisualStudioVersion = 10.0.40219.1
Project("{FAE04EC0-301F-11D3-BF4B-00C04F79EFBC}") = "Week03_0", "Week03_0.csproj", "{53823E77-BC8F-4927-B48E-820292416585}"
EndProject
Global
	GlobalSection(SolutionConfigurationPlatforms) = preSolution
		Debug|Any CPU = Debug|Any CPU
		Release|Any CPU = Release|Any CPU
	EndGlobalSection
	GlobalSection(ProjectConfigurationPlatforms) = postSolution
		{53823E77-BC8F-4927-B48E-820292416585}.Debug|Any CPU.ActiveCfg = Debug|Any CPU
		{53823E77-BC8F-4927-B48E-820292416585}.Debug|Any CPU.Build.0 = Debug|Any CPU
		{53823E77-BC8F-4927-B48E-820292416585}.Release|Any CPU.ActiveCfg = Release|Any CPU
		{53823E77-BC8F-4927-B48E-820292416585}.Release|Any CPU.Build.0 = Release|Any CPU
	EndGlobalSection
	GlobalSection(SolutionProperties) = preSolution
		HideSolutionNode = FALSE
	EndGlobalSection
	GlobalSection(ExtensibilityGlobals) = postSolution
		SolutionGuid = {2ACC07F2-38BE-46E7-9109-55CDE02F8834}
	EndGlobalSection
EndGlobal
