
Microsoft Visual Studio Solution File, Format Version 12.00
# Visual Studio 2013
VisualStudioVersion = 12.0.21005.1
MinimumVisualStudioVersion = 10.0.40219.1
Project("{8BC9CEB8-8B4A-11D0-8D11-00A0C91BC942}") = "TCPServer2", "TCPServer2.vcxproj", "{478795C1-552E-48BD-9D53-C72EE6FC3459}"
EndProject
Global
	GlobalSection(SolutionConfigurationPlatforms) = preSolution
		Debug|Win32 = Debug|Win32
		Release|Win32 = Release|Win32
	EndGlobalSection
	GlobalSection(ProjectConfigurationPlatforms) = postSolution
		{478795C1-552E-48BD-9D53-C72EE6FC3459}.Debug|Win32.ActiveCfg = Debug|Win32
		{478795C1-552E-48BD-9D53-C72EE6FC3459}.Debug|Win32.Build.0 = Debug|Win32
		{478795C1-552E-48BD-9D53-C72EE6FC3459}.Release|Win32.ActiveCfg = Release|Win32
		{478795C1-552E-48BD-9D53-C72EE6FC3459}.Release|Win32.Build.0 = Release|Win32
	EndGlobalSection
	GlobalSection(SolutionProperties) = preSolution
		HideSolutionNode = FALSE
	EndGlobalSection
EndGlobal
