
Microsoft Visual Studio Solution File, Format Version 12.00
# Visual Studio Version 16
VisualStudioVersion = 16.0.31624.102
MinimumVisualStudioVersion = 10.0.40219.1
Project("{FAE04EC0-301F-11D3-BF4B-00C04F79EFBC}") = "Week04_3", "Week04_3.csproj", "{60E0570A-271C-49F9-8A9C-784EBF4534C9}"
EndProject
Global
	GlobalSection(SolutionConfigurationPlatforms) = preSolution
		Debug|Any CPU = Debug|Any CPU
		Release|Any CPU = Release|Any CPU
	EndGlobalSection
	GlobalSection(ProjectConfigurationPlatforms) = postSolution
		{60E0570A-271C-49F9-8A9C-784EBF4534C9}.Debug|Any CPU.ActiveCfg = Debug|Any CPU
		{60E0570A-271C-49F9-8A9C-784EBF4534C9}.Debug|Any CPU.Build.0 = Debug|Any CPU
		{60E0570A-271C-49F9-8A9C-784EBF4534C9}.Release|Any CPU.ActiveCfg = Release|Any CPU
		{60E0570A-271C-49F9-8A9C-784EBF4534C9}.Release|Any CPU.Build.0 = Release|Any CPU
	EndGlobalSection
	GlobalSection(SolutionProperties) = preSolution
		HideSolutionNode = FALSE
	EndGlobalSection
	GlobalSection(ExtensibilityGlobals) = postSolution
		SolutionGuid = {453EA6D7-DED9-4016-BCA4-01B37EE7328B}
	EndGlobalSection
EndGlobal
