
Microsoft Visual Studio Solution File, Format Version 12.00
# Visual Studio Version 16
VisualStudioVersion = 16.0.31624.102
MinimumVisualStudioVersion = 10.0.40219.1
Project("{FAE04EC0-301F-11D3-BF4B-00C04F79EFBC}") = "Week02_5", "Week02_5.csproj", "{59DE894C-C582-4B54-88CC-5654800FA70D}"
EndProject
Global
	GlobalSection(SolutionConfigurationPlatforms) = preSolution
		Debug|Any CPU = Debug|Any CPU
		Release|Any CPU = Release|Any CPU
	EndGlobalSection
	GlobalSection(ProjectConfigurationPlatforms) = postSolution
		{59DE894C-C582-4B54-88CC-5654800FA70D}.Debug|Any CPU.ActiveCfg = Debug|Any CPU
		{59DE894C-C582-4B54-88CC-5654800FA70D}.Debug|Any CPU.Build.0 = Debug|Any CPU
		{59DE894C-C582-4B54-88CC-5654800FA70D}.Release|Any CPU.ActiveCfg = Release|Any CPU
		{59DE894C-C582-4B54-88CC-5654800FA70D}.Release|Any CPU.Build.0 = Release|Any CPU
	EndGlobalSection
	GlobalSection(SolutionProperties) = preSolution
		HideSolutionNode = FALSE
	EndGlobalSection
	GlobalSection(ExtensibilityGlobals) = postSolution
		SolutionGuid = {CFD3D478-2D97-488B-9321-9D9A86810358}
	EndGlobalSection
EndGlobal
