
Microsoft Visual Studio Solution File, Format Version 12.00
# Visual Studio Version 16
VisualStudioVersion = 16.0.31624.102
MinimumVisualStudioVersion = 10.0.40219.1
Project("{FAE04EC0-301F-11D3-BF4B-00C04F79EFBC}") = "Week02_1", "Week02_1.csproj", "{64241216-DA41-438B-B49A-90D4ED339565}"
EndProject
Global
	GlobalSection(SolutionConfigurationPlatforms) = preSolution
		Debug|Any CPU = Debug|Any CPU
		Release|Any CPU = Release|Any CPU
	EndGlobalSection
	GlobalSection(ProjectConfigurationPlatforms) = postSolution
		{64241216-DA41-438B-B49A-90D4ED339565}.Debug|Any CPU.ActiveCfg = Debug|Any CPU
		{64241216-DA41-438B-B49A-90D4ED339565}.Debug|Any CPU.Build.0 = Debug|Any CPU
		{64241216-DA41-438B-B49A-90D4ED339565}.Release|Any CPU.ActiveCfg = Release|Any CPU
		{64241216-DA41-438B-B49A-90D4ED339565}.Release|Any CPU.Build.0 = Release|Any CPU
	EndGlobalSection
	GlobalSection(SolutionProperties) = preSolution
		HideSolutionNode = FALSE
	EndGlobalSection
	GlobalSection(ExtensibilityGlobals) = postSolution
		SolutionGuid = {958815BB-5DB3-4ED9-B8FA-C4E54CE16512}
	EndGlobalSection
EndGlobal
