
Microsoft Visual Studio Solution File, Format Version 12.00
# Visual Studio Version 16
VisualStudioVersion = 16.0.31624.102
MinimumVisualStudioVersion = 10.0.40219.1
Project("{FAE04EC0-301F-11D3-BF4B-00C04F79EFBC}") = "Week04_6", "Week04_6.csproj", "{D30FDAF9-CC90-46F1-A16A-CD5EDC5970B7}"
EndProject
Global
	GlobalSection(SolutionConfigurationPlatforms) = preSolution
		Debug|Any CPU = Debug|Any CPU
		Release|Any CPU = Release|Any CPU
	EndGlobalSection
	GlobalSection(ProjectConfigurationPlatforms) = postSolution
		{D30FDAF9-CC90-46F1-A16A-CD5EDC5970B7}.Debug|Any CPU.ActiveCfg = Debug|Any CPU
		{D30FDAF9-CC90-46F1-A16A-CD5EDC5970B7}.Debug|Any CPU.Build.0 = Debug|Any CPU
		{D30FDAF9-CC90-46F1-A16A-CD5EDC5970B7}.Release|Any CPU.ActiveCfg = Release|Any CPU
		{D30FDAF9-CC90-46F1-A16A-CD5EDC5970B7}.Release|Any CPU.Build.0 = Release|Any CPU
	EndGlobalSection
	GlobalSection(SolutionProperties) = preSolution
		HideSolutionNode = FALSE
	EndGlobalSection
	GlobalSection(ExtensibilityGlobals) = postSolution
		SolutionGuid = {3124C446-DB8A-4419-86BA-B7390F58C4FB}
	EndGlobalSection
EndGlobal
